// !$*UTF8*$!
{
	archiveVersion = 1;
	classes = {
	};
	objectVersion = 55;
	objects = {

/* Begin PBXBuildFile section */
		5C1A890B27275F0B0017F0DF /* AppDelegate.swift in Sources */ = {isa = PBXBuildFile; fileRef = 5C1A890A27275F0B0017F0DF /* AppDelegate.swift */; };
		5C1A890D27275F0B0017F0DF /* SceneDelegate.swift in Sources */ = {isa = PBXBuildFile; fileRef = 5C1A890C27275F0B0017F0DF /* SceneDelegate.swift */; };
		5C1A891227275F0B0017F0DF /* Main.storyboard in Resources */ = {isa = PBXBuildFile; fileRef = 5C1A891027275F0B0017F0DF /* Main.storyboard */; };
		5C1A891427275F100017F0DF /* Assets.xcassets in Resources */ = {isa = PBXBuildFile; fileRef = 5C1A891327275F100017F0DF /* Assets.xcassets */; };
		5C1A891727275F100017F0DF /* LaunchScreen.storyboard in Resources */ = {isa = PBXBuildFile; fileRef = 5C1A891527275F100017F0DF /* LaunchScreen.storyboard */; };
		5C1A8924272760B00017F0DF /* LoginController.swift in Sources */ = {isa = PBXBuildFile; fileRef = 5C1A8923272760B00017F0DF /* LoginController.swift */; };
		5C1A892627276B580017F0DF /* Extensions.swift in Sources */ = {isa = PBXBuildFile; fileRef = 5C1A892527276B580017F0DF /* Extensions.swift */; };
		5C1A89282728B5310017F0DF /* SignUpController.swift in Sources */ = {isa = PBXBuildFile; fileRef = 5C1A89272728B5310017F0DF /* SignUpController.swift */; };
		5C1A892A2728C54C0017F0DF /* AuthButton.swift in Sources */ = {isa = PBXBuildFile; fileRef = 5C1A89292728C54C0017F0DF /* AuthButton.swift */; };
		5C1A89302729FE750017F0DF /* GoogleService-Info.plist in Resources */ = {isa = PBXBuildFile; fileRef = 5C1A892F2729FE750017F0DF /* GoogleService-Info.plist */; };
		5C8F72A2272E2B9B00B85FB5 /* LocationCell.swift in Sources */ = {isa = PBXBuildFile; fileRef = 5C8F72A1272E2B9B00B85FB5 /* LocationCell.swift */; };
		5C8F72A6273044EE00B85FB5 /* Service.swift in Sources */ = {isa = PBXBuildFile; fileRef = 5C8F72A5273044EE00B85FB5 /* Service.swift */; };
		5C8F72A8273059B400B85FB5 /* User.swift in Sources */ = {isa = PBXBuildFile; fileRef = 5C8F72A7273059B400B85FB5 /* User.swift */; };
		5C8F72AA27305F2D00B85FB5 /* LocationHandler.swift in Sources */ = {isa = PBXBuildFile; fileRef = 5C8F72A927305F2D00B85FB5 /* LocationHandler.swift */; };
		5C8F72AC2730857400B85FB5 /* DriverAnnotation.swift in Sources */ = {isa = PBXBuildFile; fileRef = 5C8F72AB2730857400B85FB5 /* DriverAnnotation.swift */; };
		5CAB88F1272E029700B59535 /* LocationInputView.swift in Sources */ = {isa = PBXBuildFile; fileRef = 5CAB88F0272E029700B59535 /* LocationInputView.swift */; };
		5CB2DEFC2732F365007C957D /* RideActionView.swift in Sources */ = {isa = PBXBuildFile; fileRef = 5CB2DEFB2732F365007C957D /* RideActionView.swift */; };
		5CB2DEFE273342EC007C957D /* Trip.swift in Sources */ = {isa = PBXBuildFile; fileRef = 5CB2DEFD273342EC007C957D /* Trip.swift */; };
		5CB2DF232735FB97007C957D /* PickupController.swift in Sources */ = {isa = PBXBuildFile; fileRef = 5CB2DF222735FB97007C957D /* PickupController.swift */; };
		5CDFDCCE272B554C00315EBD /* HomeController.swift in Sources */ = {isa = PBXBuildFile; fileRef = 5CDFDCCD272B554C00315EBD /* HomeController.swift */; };
		5CDFDCD0272DB25A00315EBD /* LocationInputActivationView.swift in Sources */ = {isa = PBXBuildFile; fileRef = 5CDFDCCF272DB25900315EBD /* LocationInputActivationView.swift */; };
		F917B79EE1DF937AC4571301 /* Pods_UberClone.framework in Frameworks */ = {isa = PBXBuildFile; fileRef = EDDB0DC134193FD18086416F /* Pods_UberClone.framework */; };
/* End PBXBuildFile section */

/* Begin PBXFileReference section */
		20C9B55B1419DFF8826E75B8 /* Pods-UberClone.release.xcconfig */ = {isa = PBXFileReference; includeInIndex = 1; lastKnownFileType = text.xcconfig; name = "Pods-UberClone.release.xcconfig"; path = "Target Support Files/Pods-UberClone/Pods-UberClone.release.xcconfig"; sourceTree = "<group>"; };
		5C1A890727275F0B0017F0DF /* UberClone.app */ = {isa = PBXFileReference; explicitFileType = wrapper.application; includeInIndex = 0; path = UberClone.app; sourceTree = BUILT_PRODUCTS_DIR; };
		5C1A890A27275F0B0017F0DF /* AppDelegate.swift */ = {isa = PBXFileReference; lastKnownFileType = sourcecode.swift; path = AppDelegate.swift; sourceTree = "<group>"; };
		5C1A890C27275F0B0017F0DF /* SceneDelegate.swift */ = {isa = PBXFileReference; lastKnownFileType = sourcecode.swift; path = SceneDelegate.swift; sourceTree = "<group>"; };
		5C1A891127275F0B0017F0DF /* Base */ = {isa = PBXFileReference; lastKnownFileType = file.storyboard; name = Base; path = Base.lproj/Main.storyboard; sourceTree = "<group>"; };
		5C1A891327275F100017F0DF /* Assets.xcassets */ = {isa = PBXFileReference; lastKnownFileType = folder.assetcatalog; path = Assets.xcassets; sourceTree = "<group>"; };
		5C1A891627275F100017F0DF /* Base */ = {isa = PBXFileReference; lastKnownFileType = file.storyboard; name = Base; path = Base.lproj/LaunchScreen.storyboard; sourceTree = "<group>"; };
		5C1A891827275F100017F0DF /* Info.plist */ = {isa = PBXFileReference; lastKnownFileType = text.plist.xml; path = Info.plist; sourceTree = "<group>"; };
		5C1A8923272760B00017F0DF /* LoginController.swift */ = {isa = PBXFileReference; lastKnownFileType = sourcecode.swift; path = LoginController.swift; sourceTree = "<group>"; };
		5C1A892527276B580017F0DF /* Extensions.swift */ = {isa = PBXFileReference; lastKnownFileType = sourcecode.swift; path = Extensions.swift; sourceTree = "<group>"; };
		5C1A89272728B5310017F0DF /* SignUpController.swift */ = {isa = PBXFileReference; lastKnownFileType = sourcecode.swift; path = SignUpController.swift; sourceTree = "<group>"; };
		5C1A89292728C54C0017F0DF /* AuthButton.swift */ = {isa = PBXFileReference; lastKnownFileType = sourcecode.swift; path = AuthButton.swift; sourceTree = "<group>"; };
		5C1A892F2729FE750017F0DF /* GoogleService-Info.plist */ = {isa = PBXFileReference; fileEncoding = 4; lastKnownFileType = text.plist.xml; path = "GoogleService-Info.plist"; sourceTree = "<group>"; };
		5C8F72A1272E2B9B00B85FB5 /* LocationCell.swift */ = {isa = PBXFileReference; lastKnownFileType = sourcecode.swift; path = LocationCell.swift; sourceTree = "<group>"; };
		5C8F72A5273044EE00B85FB5 /* Service.swift */ = {isa = PBXFileReference; lastKnownFileType = sourcecode.swift; path = Service.swift; sourceTree = "<group>"; };
		5C8F72A7273059B400B85FB5 /* User.swift */ = {isa = PBXFileReference; lastKnownFileType = sourcecode.swift; path = User.swift; sourceTree = "<group>"; };
		5C8F72A927305F2D00B85FB5 /* LocationHandler.swift */ = {isa = PBXFileReference; lastKnownFileType = sourcecode.swift; path = LocationHandler.swift; sourceTree = "<group>"; };
		5C8F72AB2730857400B85FB5 /* DriverAnnotation.swift */ = {isa = PBXFileReference; lastKnownFileType = sourcecode.swift; path = DriverAnnotation.swift; sourceTree = "<group>"; };
		5CAB88F0272E029700B59535 /* LocationInputView.swift */ = {isa = PBXFileReference; lastKnownFileType = sourcecode.swift; path = LocationInputView.swift; sourceTree = "<group>"; };
		5CB2DEFB2732F365007C957D /* RideActionView.swift */ = {isa = PBXFileReference; lastKnownFileType = sourcecode.swift; path = RideActionView.swift; sourceTree = "<group>"; };
		5CB2DEFD273342EC007C957D /* Trip.swift */ = {isa = PBXFileReference; lastKnownFileType = sourcecode.swift; path = Trip.swift; sourceTree = "<group>"; };
		5CB2DF222735FB97007C957D /* PickupController.swift */ = {isa = PBXFileReference; lastKnownFileType = sourcecode.swift; path = PickupController.swift; sourceTree = "<group>"; };
		5CDFDCCD272B554C00315EBD /* HomeController.swift */ = {isa = PBXFileReference; lastKnownFileType = sourcecode.swift; path = HomeController.swift; sourceTree = "<group>"; };
		5CDFDCCF272DB25900315EBD /* LocationInputActivationView.swift */ = {isa = PBXFileReference; lastKnownFileType = sourcecode.swift; path = LocationInputActivationView.swift; sourceTree = "<group>"; };
		C73E6CA1CF18D9A315155D3A /* Pods-UberClone.debug.xcconfig */ = {isa = PBXFileReference; includeInIndex = 1; lastKnownFileType = text.xcconfig; name = "Pods-UberClone.debug.xcconfig"; path = "Target Support Files/Pods-UberClone/Pods-UberClone.debug.xcconfig"; sourceTree = "<group>"; };
		EDDB0DC134193FD18086416F /* Pods_UberClone.framework */ = {isa = PBXFileReference; explicitFileType = wrapper.framework; includeInIndex = 0; path = Pods_UberClone.framework; sourceTree = BUILT_PRODUCTS_DIR; };
/* End PBXFileReference section */

/* Begin PBXFrameworksBuildPhase section */
		5C1A890427275F0B0017F0DF /* Frameworks */ = {
			isa = PBXFrameworksBuildPhase;
			buildActionMask = 2147483647;
			files = (
				F917B79EE1DF937AC4571301 /* Pods_UberClone.framework in Frameworks */,
			);
			runOnlyForDeploymentPostprocessing = 0;
		};
/* End PBXFrameworksBuildPhase section */

/* Begin PBXGroup section */
		23A433CD3F186EB643621133 /* Frameworks */ = {
			isa = PBXGroup;
			children = (
				EDDB0DC134193FD18086416F /* Pods_UberClone.framework */,
			);
			name = Frameworks;
			sourceTree = "<group>";
		};
		5C1A88FE27275F0A0017F0DF = {
			isa = PBXGroup;
			children = (
				5C1A890927275F0B0017F0DF /* UberClone */,
				5C1A890827275F0B0017F0DF /* Products */,
				FA9CD4518C240D22962246B6 /* Pods */,
				23A433CD3F186EB643621133 /* Frameworks */,
			);
			sourceTree = "<group>";
		};
		5C1A890827275F0B0017F0DF /* Products */ = {
			isa = PBXGroup;
			children = (
				5C1A890727275F0B0017F0DF /* UberClone.app */,
			);
			name = Products;
			sourceTree = "<group>";
		};
		5C1A890927275F0B0017F0DF /* UberClone */ = {
			isa = PBXGroup;
			children = (
				5C1A892227275FDB0017F0DF /* Model */,
				5C1A892127275FDA0017F0DF /* View */,
				5C1A892027275FD80017F0DF /* Controller */,
				5C1A891F27275FD60017F0DF /* Service */,
				5C1A891E27275FD30017F0DF /* Utils */,
				5C1A890A27275F0B0017F0DF /* AppDelegate.swift */,
				5C1A890C27275F0B0017F0DF /* SceneDelegate.swift */,
				5C1A892F2729FE750017F0DF /* GoogleService-Info.plist */,
				5C1A891027275F0B0017F0DF /* Main.storyboard */,
				5C1A891327275F100017F0DF /* Assets.xcassets */,
				5C1A891527275F100017F0DF /* LaunchScreen.storyboard */,
				5C1A891827275F100017F0DF /* Info.plist */,
			);
			path = UberClone;
			sourceTree = "<group>";
		};
		5C1A891E27275FD30017F0DF /* Utils */ = {
			isa = PBXGroup;
			children = (
				5C1A892527276B580017F0DF /* Extensions.swift */,
				5C8F72A927305F2D00B85FB5 /* LocationHandler.swift */,
			);
			path = Utils;
			sourceTree = "<group>";
		};
		5C1A891F27275FD60017F0DF /* Service */ = {
			isa = PBXGroup;
			children = (
				5C8F72A5273044EE00B85FB5 /* Service.swift */,
			);
			path = Service;
			sourceTree = "<group>";
		};
		5C1A892027275FD80017F0DF /* Controller */ = {
			isa = PBXGroup;
			children = (
				5C1A8923272760B00017F0DF /* LoginController.swift */,
				5C1A89272728B5310017F0DF /* SignUpController.swift */,
				5CDFDCCD272B554C00315EBD /* HomeController.swift */,
				5CB2DF222735FB97007C957D /* PickupController.swift */,
			);
			path = Controller;
			sourceTree = "<group>";
		};
		5C1A892127275FDA0017F0DF /* View */ = {
			isa = PBXGroup;
			children = (
				5C1A89292728C54C0017F0DF /* AuthButton.swift */,
				5CDFDCCF272DB25900315EBD /* LocationInputActivationView.swift */,
				5CAB88F0272E029700B59535 /* LocationInputView.swift */,
				5C8F72A1272E2B9B00B85FB5 /* LocationCell.swift */,
				5CB2DEFB2732F365007C957D /* RideActionView.swift */,
			);
			path = View;
			sourceTree = "<group>";
		};
		5C1A892227275FDB0017F0DF /* Model */ = {
			isa = PBXGroup;
			children = (
				5C8F72A7273059B400B85FB5 /* User.swift */,
				5C8F72AB2730857400B85FB5 /* DriverAnnotation.swift */,
				5CB2DEFD273342EC007C957D /* Trip.swift */,
			);
			path = Model;
			sourceTree = "<group>";
		};
		FA9CD4518C240D22962246B6 /* Pods */ = {
			isa = PBXGroup;
			children = (
				C73E6CA1CF18D9A315155D3A /* Pods-UberClone.debug.xcconfig */,
				20C9B55B1419DFF8826E75B8 /* Pods-UberClone.release.xcconfig */,
			);
			path = Pods;
			sourceTree = "<group>";
		};
/* End PBXGroup section */

/* Begin PBXNativeTarget section */
		5C1A890627275F0B0017F0DF /* UberClone */ = {
			isa = PBXNativeTarget;
			buildConfigurationList = 5C1A891B27275F100017F0DF /* Build configuration list for PBXNativeTarget "UberClone" */;
			buildPhases = (
				CD2077C701CFEA610934AD1B /* [CP] Check Pods Manifest.lock */,
				5C1A890327275F0B0017F0DF /* Sources */,
				5C1A890427275F0B0017F0DF /* Frameworks */,
				5C1A890527275F0B0017F0DF /* Resources */,
				C94570963CEE724853995DF1 /* [CP] Embed Pods Frameworks */,
			);
			buildRules = (
			);
			dependencies = (
			);
			name = UberClone;
			productName = UberClone;
			productReference = 5C1A890727275F0B0017F0DF /* UberClone.app */;
			productType = "com.apple.product-type.application";
		};
/* End PBXNativeTarget section */

/* Begin PBXProject section */
		5C1A88FF27275F0A0017F0DF /* Project object */ = {
			isa = PBXProject;
			attributes = {
				BuildIndependentTargetsInParallel = 1;
				LastSwiftUpdateCheck = 1300;
				LastUpgradeCheck = 1300;
				TargetAttributes = {
					5C1A890627275F0B0017F0DF = {
						CreatedOnToolsVersion = 13.0;
					};
				};
			};
			buildConfigurationList = 5C1A890227275F0A0017F0DF /* Build configuration list for PBXProject "UberClone" */;
			compatibilityVersion = "Xcode 13.0";
			developmentRegion = en;
			hasScannedForEncodings = 0;
			knownRegions = (
				en,
				Base,
			);
			mainGroup = 5C1A88FE27275F0A0017F0DF;
			productRefGroup = 5C1A890827275F0B0017F0DF /* Products */;
			projectDirPath = "";
			projectRoot = "";
			targets = (
				5C1A890627275F0B0017F0DF /* UberClone */,
			);
		};
/* End PBXProject section */

/* Begin PBXResourcesBuildPhase section */
		5C1A890527275F0B0017F0DF /* Resources */ = {
			isa = PBXResourcesBuildPhase;
			buildActionMask = 2147483647;
			files = (
				5C1A891727275F100017F0DF /* LaunchScreen.storyboard in Resources */,
				5C1A89302729FE750017F0DF /* GoogleService-Info.plist in Resources */,
				5C1A891427275F100017F0DF /* Assets.xcassets in Resources */,
				5C1A891227275F0B0017F0DF /* Main.storyboard in Resources */,
			);
			runOnlyForDeploymentPostprocessing = 0;
		};
/* End PBXResourcesBuildPhase section */

/* Begin PBXShellScriptBuildPhase section */
		C94570963CEE724853995DF1 /* [CP] Embed Pods Frameworks */ = {
			isa = PBXShellScriptBuildPhase;
			buildActionMask = 2147483647;
			files = (
			);
			inputFileListPaths = (
				"${PODS_ROOT}/Target Support Files/Pods-UberClone/Pods-UberClone-frameworks-${CONFIGURATION}-input-files.xcfilelist",
			);
			name = "[CP] Embed Pods Frameworks";
			outputFileListPaths = (
				"${PODS_ROOT}/Target Support Files/Pods-UberClone/Pods-UberClone-frameworks-${CONFIGURATION}-output-files.xcfilelist",
			);
			runOnlyForDeploymentPostprocessing = 0;
			shellPath = /bin/sh;
			shellScript = "\"${PODS_ROOT}/Target Support Files/Pods-UberClone/Pods-UberClone-frameworks.sh\"\n";
			showEnvVarsInLog = 0;
		};
		CD2077C701CFEA610934AD1B /* [CP] Check Pods Manifest.lock */ = {
			isa = PBXShellScriptBuildPhase;
			buildActionMask = 2147483647;
			files = (
			);
			inputFileListPaths = (
			);
			inputPaths = (
				"${PODS_PODFILE_DIR_PATH}/Podfile.lock",
				"${PODS_ROOT}/Manifest.lock",
			);
			name = "[CP] Check Pods Manifest.lock";
			outputFileListPaths = (
			);
			outputPaths = (
				"$(DERIVED_FILE_DIR)/Pods-UberClone-checkManifestLockResult.txt",
			);
			runOnlyForDeploymentPostprocessing = 0;
			shellPath = /bin/sh;
			shellScript = "diff \"${PODS_PODFILE_DIR_PATH}/Podfile.lock\" \"${PODS_ROOT}/Manifest.lock\" > /dev/null\nif [ $? != 0 ] ; then\n    # print error to STDERR\n    echo \"error: The sandbox is not in sync with the Podfile.lock. Run 'pod install' or update your CocoaPods installation.\" >&2\n    exit 1\nfi\n# This output is used by Xcode 'outputs' to avoid re-running this script phase.\necho \"SUCCESS\" > \"${SCRIPT_OUTPUT_FILE_0}\"\n";
			showEnvVarsInLog = 0;
		};
/* End PBXShellScriptBuildPhase section */

/* Begin PBXSourcesBuildPhase section */
		5C1A890327275F0B0017F0DF /* Sources */ = {
			isa = PBXSourcesBuildPhase;
			buildActionMask = 2147483647;
			files = (
				5C1A89282728B5310017F0DF /* SignUpController.swift in Sources */,
				5C1A892A2728C54C0017F0DF /* AuthButton.swift in Sources */,
				5CDFDCCE272B554C00315EBD /* HomeController.swift in Sources */,
				5CAB88F1272E029700B59535 /* LocationInputView.swift in Sources */,
				5CB2DEFE273342EC007C957D /* Trip.swift in Sources */,
				5CB2DF232735FB97007C957D /* PickupController.swift in Sources */,
				5C8F72AC2730857400B85FB5 /* DriverAnnotation.swift in Sources */,
				5C1A890B27275F0B0017F0DF /* AppDelegate.swift in Sources */,
				5C1A8924272760B00017F0DF /* LoginController.swift in Sources */,
				5C8F72A2272E2B9B00B85FB5 /* LocationCell.swift in Sources */,
				5C8F72AA27305F2D00B85FB5 /* LocationHandler.swift in Sources */,
				5C1A890D27275F0B0017F0DF /* SceneDelegate.swift in Sources */,
				5CB2DEFC2732F365007C957D /* RideActionView.swift in Sources */,
				5C8F72A8273059B400B85FB5 /* User.swift in Sources */,
				5C8F72A6273044EE00B85FB5 /* Service.swift in Sources */,
				5CDFDCD0272DB25A00315EBD /* LocationInputActivationView.swift in Sources */,
				5C1A892627276B580017F0DF /* Extensions.swift in Sources */,
			);
			runOnlyForDeploymentPostprocessing = 0;
		};
/* End PBXSourcesBuildPhase section */

/* Begin PBXVariantGroup section */
		5C1A891027275F0B0017F0DF /* Main.storyboard */ = {
			isa = PBXVariantGroup;
			children = (
				5C1A891127275F0B0017F0DF /* Base */,
			);
			name = Main.storyboard;
			sourceTree = "<group>";
		};
		5C1A891527275F100017F0DF /* LaunchScreen.storyboard */ = {
			isa = PBXVariantGroup;
			children = (
				5C1A891627275F100017F0DF /* Base */,
			);
			name = LaunchScreen.storyboard;
			sourceTree = "<group>";
		};
/* End PBXVariantGroup section */

/* Begin XCBuildConfiguration section */
		5C1A891927275F100017F0DF /* Debug */ = {
			isa = XCBuildConfiguration;
			buildSettings = {
				ALWAYS_SEARCH_USER_PATHS = NO;
				CLANG_ANALYZER_NONNULL = YES;
				CLANG_ANALYZER_NUMBER_OBJECT_CONVERSION = YES_AGGRESSIVE;
				CLANG_CXX_LANGUAGE_STANDARD = "gnu++17";
				CLANG_CXX_LIBRARY = "libc++";
				CLANG_ENABLE_MODULES = YES;
				CLANG_ENABLE_OBJC_ARC = YES;
				CLANG_ENABLE_OBJC_WEAK = YES;
				CLANG_WARN_BLOCK_CAPTURE_AUTORELEASING = YES;
				CLANG_WARN_BOOL_CONVERSION = YES;
				CLANG_WARN_COMMA = YES;
				CLANG_WARN_CONSTANT_CONVERSION = YES;
				CLANG_WARN_DEPRECATED_OBJC_IMPLEMENTATIONS = YES;
				CLANG_WARN_DIRECT_OBJC_ISA_USAGE = YES_ERROR;
				CLANG_WARN_DOCUMENTATION_COMMENTS = YES;
				CLANG_WARN_EMPTY_BODY = YES;
				CLANG_WARN_ENUM_CONVERSION = YES;
				CLANG_WARN_INFINITE_RECURSION = YES;
				CLANG_WARN_INT_CONVERSION = YES;
				CLANG_WARN_NON_LITERAL_NULL_CONVERSION = YES;
				CLANG_WARN_OBJC_IMPLICIT_RETAIN_SELF = YES;
				CLANG_WARN_OBJC_LITERAL_CONVERSION = YES;
				CLANG_WARN_OBJC_ROOT_CLASS = YES_ERROR;
				CLANG_WARN_QUOTED_INCLUDE_IN_FRAMEWORK_HEADER = YES;
				CLANG_WARN_RANGE_LOOP_ANALYSIS = YES;
				CLANG_WARN_STRICT_PROTOTYPES = YES;
				CLANG_WARN_SUSPICIOUS_MOVE = YES;
				CLANG_WARN_UNGUARDED_AVAILABILITY = YES_AGGRESSIVE;
				CLANG_WARN_UNREACHABLE_CODE = YES;
				CLANG_WARN__DUPLICATE_METHOD_MATCH = YES;
				COPY_PHASE_STRIP = NO;
				DEBUG_INFORMATION_FORMAT = dwarf;
				ENABLE_STRICT_OBJC_MSGSEND = YES;
				ENABLE_TESTABILITY = YES;
				GCC_C_LANGUAGE_STANDARD = gnu11;
				GCC_DYNAMIC_NO_PIC = NO;
				GCC_NO_COMMON_BLOCKS = YES;
				GCC_OPTIMIZATION_LEVEL = 0;
				GCC_PREPROCESSOR_DEFINITIONS = (
					"DEBUG=1",
					"$(inherited)",
				);
				GCC_WARN_64_TO_32_BIT_CONVERSION = YES;
				GCC_WARN_ABOUT_RETURN_TYPE = YES_ERROR;
				GCC_WARN_UNDECLARED_SELECTOR = YES;
				GCC_WARN_UNINITIALIZED_AUTOS = YES_AGGRESSIVE;
				GCC_WARN_UNUSED_FUNCTION = YES;
				GCC_WARN_UNUSED_VARIABLE = YES;
				IPHONEOS_DEPLOYMENT_TARGET = 13.4;
				MTL_ENABLE_DEBUG_INFO = INCLUDE_SOURCE;
				MTL_FAST_MATH = YES;
				ONLY_ACTIVE_ARCH = YES;
				SDKROOT = iphoneos;
				SWIFT_ACTIVE_COMPILATION_CONDITIONS = DEBUG;
				SWIFT_OPTIMIZATION_LEVEL = "-Onone";
			};
			name = Debug;
		};
		5C1A891A27275F100017F0DF /* Release */ = {
			isa = XCBuildConfiguration;
			buildSettings = {
				ALWAYS_SEARCH_USER_PATHS = NO;
				CLANG_ANALYZER_NONNULL = YES;
				CLANG_ANALYZER_NUMBER_OBJECT_CONVERSION = YES_AGGRESSIVE;
				CLANG_CXX_LANGUAGE_STANDARD = "gnu++17";
				CLANG_CXX_LIBRARY = "libc++";
				CLANG_ENABLE_MODULES = YES;
				CLANG_ENABLE_OBJC_ARC = YES;
				CLANG_ENABLE_OBJC_WEAK = YES;
				CLANG_WARN_BLOCK_CAPTURE_AUTORELEASING = YES;
				CLANG_WARN_BOOL_CONVERSION = YES;
				CLANG_WARN_COMMA = YES;
				CLANG_WARN_CONSTANT_CONVERSION = YES;
				CLANG_WARN_DEPRECATED_OBJC_IMPLEMENTATIONS = YES;
				CLANG_WARN_DIRECT_OBJC_ISA_USAGE = YES_ERROR;
				CLANG_WARN_DOCUMENTATION_COMMENTS = YES;
				CLANG_WARN_EMPTY_BODY = YES;
				CLANG_WARN_ENUM_CONVERSION = YES;
				CLANG_WARN_INFINITE_RECURSION = YES;
				CLANG_WARN_INT_CONVERSION = YES;
				CLANG_WARN_NON_LITERAL_NULL_CONVERSION = YES;
				CLANG_WARN_OBJC_IMPLICIT_RETAIN_SELF = YES;
				CLANG_WARN_OBJC_LITERAL_CONVERSION = YES;
				CLANG_WARN_OBJC_ROOT_CLASS = YES_ERROR;
				CLANG_WARN_QUOTED_INCLUDE_IN_FRAMEWORK_HEADER = YES;
				CLANG_WARN_RANGE_LOOP_ANALYSIS = YES;
				CLANG_WARN_STRICT_PROTOTYPES = YES;
				CLANG_WARN_SUSPICIOUS_MOVE = YES;
				CLANG_WARN_UNGUARDED_AVAILABILITY = YES_AGGRESSIVE;
				CLANG_WARN_UNREACHABLE_CODE = YES;
				CLANG_WARN__DUPLICATE_METHOD_MATCH = YES;
				COPY_PHASE_STRIP = NO;
				DEBUG_INFORMATION_FORMAT = "dwarf-with-dsym";
				ENABLE_NS_ASSERTIONS = NO;
				ENABLE_STRICT_OBJC_MSGSEND = YES;
				GCC_C_LANGUAGE_STANDARD = gnu11;
				GCC_NO_COMMON_BLOCKS = YES;
				GCC_WARN_64_TO_32_BIT_CONVERSION = YES;
				GCC_WARN_ABOUT_RETURN_TYPE = YES_ERROR;
				GCC_WARN_UNDECLARED_SELECTOR = YES;
				GCC_WARN_UNINITIALIZED_AUTOS = YES_AGGRESSIVE;
				GCC_WARN_UNUSED_FUNCTION = YES;
				GCC_WARN_UNUSED_VARIABLE = YES;
				IPHONEOS_DEPLOYMENT_TARGET = 13.4;
				MTL_ENABLE_DEBUG_INFO = NO;
				MTL_FAST_MATH = YES;
				SDKROOT = iphoneos;
				SWIFT_COMPILATION_MODE = wholemodule;
				SWIFT_OPTIMIZATION_LEVEL = "-O";
				VALIDATE_PRODUCT = YES;
			};
			name = Release;
		};
		5C1A891C27275F100017F0DF /* Debug */ = {
			isa = XCBuildConfiguration;
			baseConfigurationReference = C73E6CA1CF18D9A315155D3A /* Pods-UberClone.debug.xcconfig */;
			buildSettings = {
				ASSETCATALOG_COMPILER_APPICON_NAME = AppIcon;
				ASSETCATALOG_COMPILER_GLOBAL_ACCENT_COLOR_NAME = AccentColor;
				CODE_SIGN_STYLE = Automatic;
				CURRENT_PROJECT_VERSION = 1;
				DEVELOPMENT_TEAM = N7D8CUS6Z4;
				GENERATE_INFOPLIST_FILE = YES;
				INFOPLIST_FILE = UberClone/Info.plist;
				INFOPLIST_KEY_UIApplicationSupportsIndirectInputEvents = YES;
				INFOPLIST_KEY_UILaunchStoryboardName = LaunchScreen;
				INFOPLIST_KEY_UIMainStoryboardFile = Main;
				INFOPLIST_KEY_UISupportedInterfaceOrientations_iPad = "UIInterfaceOrientationPortrait UIInterfaceOrientationPortraitUpsideDown UIInterfaceOrientationLandscapeLeft UIInterfaceOrientationLandscapeRight";
				INFOPLIST_KEY_UISupportedInterfaceOrientations_iPhone = "UIInterfaceOrientationPortrait UIInterfaceOrientationLandscapeLeft UIInterfaceOrientationLandscapeRight";
				LD_RUNPATH_SEARCH_PATHS = (
					"$(inherited)",
					"@executable_path/Frameworks",
				);
				MARKETING_VERSION = 1.0;
				PRODUCT_BUNDLE_IDENTIFIER = com.wicked.UberClone;
				PRODUCT_NAME = "$(TARGET_NAME)";
				SWIFT_EMIT_LOC_STRINGS = YES;
				SWIFT_VERSION = 5.0;
				TARGETED_DEVICE_FAMILY = "1,2";
			};
			name = Debug;
		};
		5C1A891D27275F100017F0DF /* Release */ = {
			isa = XCBuildConfiguration;
			baseConfigurationReference = 20C9B55B1419DFF8826E75B8 /* Pods-UberClone.release.xcconfig */;
			buildSettings = {
				ASSETCATALOG_COMPILER_APPICON_NAME = AppIcon;
				ASSETCATALOG_COMPILER_GLOBAL_ACCENT_COLOR_NAME = AccentColor;
				CODE_SIGN_STYLE = Automatic;
				CURRENT_PROJECT_VERSION = 1;
				DEVELOPMENT_TEAM = N7D8CUS6Z4;
				GENERATE_INFOPLIST_FILE = YES;
				INFOPLIST_FILE = UberClone/Info.plist;
				INFOPLIST_KEY_UIApplicationSupportsIndirectInputEvents = YES;
				INFOPLIST_KEY_UILaunchStoryboardName = LaunchScreen;
				INFOPLIST_KEY_UIMainStoryboardFile = Main;
				INFOPLIST_KEY_UISupportedInterfaceOrientations_iPad = "UIInterfaceOrientationPortrait UIInterfaceOrientationPortraitUpsideDown UIInterfaceOrientationLandscapeLeft UIInterfaceOrientationLandscapeRight";
				INFOPLIST_KEY_UISupportedInterfaceOrientations_iPhone = "UIInterfaceOrientationPortrait UIInterfaceOrientationLandscapeLeft UIInterfaceOrientationLandscapeRight";
				LD_RUNPATH_SEARCH_PATHS = (
					"$(inherited)",
					"@executable_path/Frameworks",
				);
				MARKETING_VERSION = 1.0;
				PRODUCT_BUNDLE_IDENTIFIER = com.wicked.UberClone;
				PRODUCT_NAME = "$(TARGET_NAME)";
				SWIFT_EMIT_LOC_STRINGS = YES;
				SWIFT_VERSION = 5.0;
				TARGETED_DEVICE_FAMILY = "1,2";
			};
			name = Release;
		};
/* End XCBuildConfiguration section */

/* Begin XCConfigurationList section */
		5C1A890227275F0A0017F0DF /* Build configuration list for PBXProject "UberClone" */ = {
			isa = XCConfigurationList;
			buildConfigurations = (
				5C1A891927275F100017F0DF /* Debug */,
				5C1A891A27275F100017F0DF /* Release */,
			);
			defaultConfigurationIsVisible = 0;
			defaultConfigurationName = Release;
		};
		5C1A891B27275F100017F0DF /* Build configuration list for PBXNativeTarget "UberClone" */ = {
			isa = XCConfigurationList;
			buildConfigurations = (
				5C1A891C27275F100017F0DF /* Debug */,
				5C1A891D27275F100017F0DF /* Release */,
			);
			defaultConfigurationIsVisible = 0;
			defaultConfigurationName = Release;
		};
/* End XCConfigurationList section */
	};
	rootObject = 5C1A88FF27275F0A0017F0DF /* Project object */;
}
